
Microsoft Visual Studio Solution File, Format Version 12.00
# Visual Studio Version 17
VisualStudioVersion = 17.11.35431.28
MinimumVisualStudioVersion = 10.0.40219.1
Project("{FAE04EC0-301F-11D3-BF4B-00C04F79EFBC}") = "TaskManager", "TaskManager\TaskManager.csproj", "{323E476E-071A-46CD-B958-184B94382A55}"
EndProject
Global
	GlobalSection(SolutionConfigurationPlatforms) = preSolution
		Debug|Any CPU = Debug|Any CPU
		Release|Any CPU = Release|Any CPU
	EndGlobalSection
	GlobalSection(ProjectConfigurationPlatforms) = postSolution
		{323E476E-071A-46CD-B958-184B94382A55}.Debug|Any CPU.ActiveCfg = Debug|Any CPU
		{323E476E-071A-46CD-B958-184B94382A55}.Debug|Any CPU.Build.0 = Debug|Any CPU
		{323E476E-071A-46CD-B958-184B94382A55}.Release|Any CPU.ActiveCfg = Release|Any CPU
		{323E476E-071A-46CD-B958-184B94382A55}.Release|Any CPU.Build.0 = Release|Any CPU
	EndGlobalSection
	GlobalSection(SolutionProperties) = preSolution
		HideSolutionNode = FALSE
	EndGlobalSection
	GlobalSection(ExtensibilityGlobals) = postSolution
		SolutionGuid = {D243A51D-B090-46E6-9C90-867C1513DC1C}
	EndGlobalSection
EndGlobal
