
Microsoft Visual Studio Solution File, Format Version 12.00
# Visual Studio Version 17
VisualStudioVersion = 17.11.35431.28
MinimumVisualStudioVersion = 10.0.40219.1
Project("{FAE04EC0-301F-11D3-BF4B-00C04F79EFBC}") = "FileEncryption", "FileEncryption\FileEncryption.csproj", "{0FC401BB-68B7-494A-A5A6-B55820F4EEF4}"
EndProject
Global
	GlobalSection(SolutionConfigurationPlatforms) = preSolution
		Debug|Any CPU = Debug|Any CPU
		Release|Any CPU = Release|Any CPU
	EndGlobalSection
	GlobalSection(ProjectConfigurationPlatforms) = postSolution
		{0FC401BB-68B7-494A-A5A6-B55820F4EEF4}.Debug|Any CPU.ActiveCfg = Debug|Any CPU
		{0FC401BB-68B7-494A-A5A6-B55820F4EEF4}.Debug|Any CPU.Build.0 = Debug|Any CPU
		{0FC401BB-68B7-494A-A5A6-B55820F4EEF4}.Release|Any CPU.ActiveCfg = Release|Any CPU
		{0FC401BB-68B7-494A-A5A6-B55820F4EEF4}.Release|Any CPU.Build.0 = Release|Any CPU
	EndGlobalSection
	GlobalSection(SolutionProperties) = preSolution
		HideSolutionNode = FALSE
	EndGlobalSection
	GlobalSection(ExtensibilityGlobals) = postSolution
		SolutionGuid = {DF8F7D37-975C-4590-B94E-CC8EADCFED04}
	EndGlobalSection
EndGlobal
